
Microsoft Visual Studio Solution File, Format Version 12.00
# Visual Studio 15
Project("{FAE04EC0-301F-11D3-BF4B-00C04F79EFBC}") = "UnityEngine.TestRunner", "UnityEngine.TestRunner.csproj", "{674EE9EC-3441-05D2-94EE-C46B2FAF648B}"
EndProject
Project("{FAE04EC0-301F-11D3-BF4B-00C04F79EFBC}") = "UnityEngine.UI", "UnityEngine.UI.csproj", "{73774261-6443-6B4F-A517-DE75747D918D}"
EndProject
Project("{FAE04EC0-301F-11D3-BF4B-00C04F79EFBC}") = "Unity.VisualScripting.Flow", "Unity.VisualScripting.Flow.csproj", "{3CD7D0DF-CDA1-5B60-AAF1-F4D2C1D631FD}"
EndProject
Project("{FAE04EC0-301F-11D3-BF4B-00C04F79EFBC}") = "Unity.Mathematics", "Unity.Mathematics.csproj", "{5ABA54E2-41B9-A0A5-6CC9-4351D2DF54DA}"
EndProject
Project("{FAE04EC0-301F-11D3-BF4B-00C04F79EFBC}") = "Unity.Services.Core.Telemetry", "Unity.Services.Core.Telemetry.csproj", "{B91AD5EE-44AD-EE2D-4C8B-1ED369AC627D}"
EndProject
Project("{FAE04EC0-301F-11D3-BF4B-00C04F79EFBC}") = "Unity.VisualScripting.State", "Unity.VisualScripting.State.csproj", "{43C23543-9014-17D7-8356-470C528B8340}"
EndProject
Project("{FAE04EC0-301F-11D3-BF4B-00C04F79EFBC}") = "Unity.VisualScripting.Core", "Unity.VisualScripting.Core.csproj", "{1791F901-25A3-40AC-87D2-4A239CBEEC1C}"
EndProject
Project("{FAE04EC0-301F-11D3-BF4B-00C04F79EFBC}") = "Unity.Services.Core.Environments.Internal", "Unity.Services.Core.Environments.Internal.csproj", "{2A784304-3BD1-EF69-A2C9-68D31D842A72}"
EndProject
Project("{FAE04EC0-301F-11D3-BF4B-00C04F79EFBC}") = "Unity.Burst", "Unity.Burst.csproj", "{C37A9249-0339-2A90-49F3-3D964C2E4B68}"
EndProject
Project("{FAE04EC0-301F-11D3-BF4B-00C04F79EFBC}") = "Unity.2D.Animation.Runtime", "Unity.2D.Animation.Runtime.csproj", "{372FF1B7-4A0B-E783-3B25-1B615646D7E8}"
EndProject
Project("{FAE04EC0-301F-11D3-BF4B-00C04F79EFBC}") = "Unity.TextMeshPro", "Unity.TextMeshPro.csproj", "{60AE7A0F-2246-5DE4-164B-2FAC404A02E0}"
EndProject
Project("{FAE04EC0-301F-11D3-BF4B-00C04F79EFBC}") = "Unity.Timeline", "Unity.Timeline.csproj", "{74AB0BBD-4696-2106-E351-84134BC339BF}"
EndProject
Project("{FAE04EC0-301F-11D3-BF4B-00C04F79EFBC}") = "Unity.Services.Core", "Unity.Services.Core.csproj", "{A9828913-D8EF-6326-C3D0-23C8306D0503}"
EndProject
Project("{FAE04EC0-301F-11D3-BF4B-00C04F79EFBC}") = "Unity.Services.Core.Environments", "Unity.Services.Core.Environments.csproj", "{EA52DFBE-BFF0-639C-D75D-87D1CF5E42E5}"
EndProject
Project("{FAE04EC0-301F-11D3-BF4B-00C04F79EFBC}") = "Unity.Services.Core.Internal", "Unity.Services.Core.Internal.csproj", "{B7D9D7E4-3236-365F-4B72-BAE024F76FD7}"
EndProject
Project("{FAE04EC0-301F-11D3-BF4B-00C04F79EFBC}") = "Unity.Services.Core.Analytics", "Unity.Services.Core.Analytics.csproj", "{90F74A49-6F3B-D315-BDD0-90AE63CE1EE3}"
EndProject
Project("{FAE04EC0-301F-11D3-BF4B-00C04F79EFBC}") = "Unity.2D.SpriteShape.Runtime", "Unity.2D.SpriteShape.Runtime.csproj", "{18E592D9-5750-77C6-D5F9-67E109E8D7A0}"
EndProject
Project("{FAE04EC0-301F-11D3-BF4B-00C04F79EFBC}") = "Unity.Services.Core.Scheduler", "Unity.Services.Core.Scheduler.csproj", "{2B13A798-B1E9-5D6D-C89B-F2FEEFB28D5D}"
EndProject
Project("{FAE04EC0-301F-11D3-BF4B-00C04F79EFBC}") = "Unity.Services.Core.Registration", "Unity.Services.Core.Registration.csproj", "{AB77E571-C2BE-2D40-D785-9E9CB4ED9399}"
EndProject
Project("{FAE04EC0-301F-11D3-BF4B-00C04F79EFBC}") = "Unity.2D.PixelPerfect", "Unity.2D.PixelPerfect.csproj", "{1B7240B5-8176-5344-72D0-B7D6A131F0FE}"
EndProject
Project("{FAE04EC0-301F-11D3-BF4B-00C04F79EFBC}") = "Unity.2D.Common.Runtime", "Unity.2D.Common.Runtime.csproj", "{DF81BBCC-E290-7DC0-D827-E10C646548D2}"
EndProject
Project("{FAE04EC0-301F-11D3-BF4B-00C04F79EFBC}") = "Unity.2D.IK.Runtime", "Unity.2D.IK.Runtime.csproj", "{2F3A2D56-3226-5BCB-B323-07C86857964B}"
EndProject
Project("{FAE04EC0-301F-11D3-BF4B-00C04F79EFBC}") = "Unity.Services.Core.Device", "Unity.Services.Core.Device.csproj", "{66DFC49B-692E-1F86-E5DD-725B653DE4AB}"
EndProject
Project("{FAE04EC0-301F-11D3-BF4B-00C04F79EFBC}") = "Unity.Services.Core.Threading", "Unity.Services.Core.Threading.csproj", "{D2BC6C4B-5BD0-97C0-2188-4318C95BD5E9}"
EndProject
Project("{FAE04EC0-301F-11D3-BF4B-00C04F79EFBC}") = "Unity.2D.Tilemap.Extras", "Unity.2D.Tilemap.Extras.csproj", "{B1DD9003-5BB1-D5F2-D574-460408A61985}"
EndProject
Project("{FAE04EC0-301F-11D3-BF4B-00C04F79EFBC}") = "Unity.Services.Core.Networking", "Unity.Services.Core.Networking.csproj", "{A5C7CFD7-B604-E204-4215-5FDD0D4B93D0}"
EndProject
Project("{FAE04EC0-301F-11D3-BF4B-00C04F79EFBC}") = "Unity.InternalAPIEngineBridge.001", "Unity.InternalAPIEngineBridge.001.csproj", "{8EAD1A38-D3C5-AFFB-4B0C-0B79AB9E393D}"
EndProject
Project("{FAE04EC0-301F-11D3-BF4B-00C04F79EFBC}") = "Unity.Services.Core.Configuration", "Unity.Services.Core.Configuration.csproj", "{DD4EB479-C785-BF72-40A9-7031860EBBCE}"
EndProject
Project("{FAE04EC0-301F-11D3-BF4B-00C04F79EFBC}") = "Assembly-CSharp", "Assembly-CSharp.csproj", "{ECEC9A36-5667-E743-715B-14539B1E2744}"
EndProject
Project("{FAE04EC0-301F-11D3-BF4B-00C04F79EFBC}") = "Unity.PlasticSCM.Editor", "Unity.PlasticSCM.Editor.csproj", "{EC2E616B-A95E-0BF3-5815-4CF1984B1E51}"
EndProject
Project("{FAE04EC0-301F-11D3-BF4B-00C04F79EFBC}") = "Unity.VisualScripting.Core.Editor", "Unity.VisualScripting.Core.Editor.csproj", "{D8800B64-8087-1C0A-D707-B8A55ACDEA88}"
EndProject
Project("{FAE04EC0-301F-11D3-BF4B-00C04F79EFBC}") = "Unity.VisualScripting.Flow.Editor", "Unity.VisualScripting.Flow.Editor.csproj", "{7F79A7AF-1712-E662-4C6A-E36DC6ED6EE4}"
EndProject
Project("{FAE04EC0-301F-11D3-BF4B-00C04F79EFBC}") = "Unity.VisualStudio.Editor", "Unity.VisualStudio.Editor.csproj", "{7D8F2BF4-4AC5-7407-6BF7-6575DF88881C}"
EndProject
Project("{FAE04EC0-301F-11D3-BF4B-00C04F79EFBC}") = "Unity.Timeline.Editor", "Unity.Timeline.Editor.csproj", "{9AE954ED-BBB6-D9EA-F96F-F502E706347E}"
EndProject
Project("{FAE04EC0-301F-11D3-BF4B-00C04F79EFBC}") = "Unity.VisualScripting.State.Editor", "Unity.VisualScripting.State.Editor.csproj", "{B52B735C-08B4-5A0A-8936-2FE1022A144C}"
EndProject
Project("{FAE04EC0-301F-11D3-BF4B-00C04F79EFBC}") = "Unity.TextMeshPro.Editor", "Unity.TextMeshPro.Editor.csproj", "{8195782C-C8EF-E9A5-250C-85B2C3501275}"
EndProject
Project("{FAE04EC0-301F-11D3-BF4B-00C04F79EFBC}") = "Unity.2D.Animation.Editor", "Unity.2D.Animation.Editor.csproj", "{EFED4DD0-7F3B-3053-0EA7-B7FAA6046475}"
EndProject
Project("{FAE04EC0-301F-11D3-BF4B-00C04F79EFBC}") = "Unity.VisualScripting.SettingsProvider.Editor", "Unity.VisualScripting.SettingsProvider.Editor.csproj", "{10BBDCEB-B636-11BE-233A-E2952B54B521}"
EndProject
Project("{FAE04EC0-301F-11D3-BF4B-00C04F79EFBC}") = "Unity.CollabProxy.Editor", "Unity.CollabProxy.Editor.csproj", "{0FF73479-10F5-1C3F-016A-B4DC7B648D35}"
EndProject
Project("{FAE04EC0-301F-11D3-BF4B-00C04F79EFBC}") = "UnityEditor.TestRunner", "UnityEditor.TestRunner.csproj", "{437C903C-830F-D80B-BAA6-D7781F7B8723}"
EndProject
Project("{FAE04EC0-301F-11D3-BF4B-00C04F79EFBC}") = "Unity.2D.Tilemap.Editor", "Unity.2D.Tilemap.Editor.csproj", "{362B6AA2-6001-CF72-8EC1-55FB70C93071}"
EndProject
Project("{FAE04EC0-301F-11D3-BF4B-00C04F79EFBC}") = "Unity.Services.Core.Editor", "Unity.Services.Core.Editor.csproj", "{83D22EBF-07C3-A103-8A7C-C41389FD9877}"
EndProject
Project("{FAE04EC0-301F-11D3-BF4B-00C04F79EFBC}") = "Unity.Rider.Editor", "Unity.Rider.Editor.csproj", "{15054527-2909-3AC6-ADCE-3036839DA4B3}"
EndProject
Project("{FAE04EC0-301F-11D3-BF4B-00C04F79EFBC}") = "Unity.2D.Path.Editor", "Unity.2D.Path.Editor.csproj", "{9E2D345D-1177-3367-3C92-192230D73B49}"
EndProject
Project("{FAE04EC0-301F-11D3-BF4B-00C04F79EFBC}") = "PsdPlugin", "PsdPlugin.csproj", "{8BEB527B-2F8B-5DEC-E27D-57A2BA4AFC83}"
EndProject
Project("{FAE04EC0-301F-11D3-BF4B-00C04F79EFBC}") = "Unity.2D.IK.Editor", "Unity.2D.IK.Editor.csproj", "{90FF0D33-F590-CE21-32D7-9C22DE344736}"
EndProject
Project("{FAE04EC0-301F-11D3-BF4B-00C04F79EFBC}") = "Unity.2D.Psdimporter.Editor", "Unity.2D.Psdimporter.Editor.csproj", "{14F4501E-D7EC-8714-BD5B-203289CAE694}"
EndProject
Project("{FAE04EC0-301F-11D3-BF4B-00C04F79EFBC}") = "Unity.2D.SpriteShape.Editor", "Unity.2D.SpriteShape.Editor.csproj", "{732439E6-B285-1B5C-7CC1-1BFF7176EEBB}"
EndProject
Project("{FAE04EC0-301F-11D3-BF4B-00C04F79EFBC}") = "Unity.Burst.CodeGen", "Unity.Burst.CodeGen.csproj", "{FA3FAE4F-C75E-EA49-32FF-D5DAB328B100}"
EndProject
Project("{FAE04EC0-301F-11D3-BF4B-00C04F79EFBC}") = "Unity.2D.PixelPerfect.Editor", "Unity.2D.PixelPerfect.Editor.csproj", "{5472CE88-4FC0-6B92-4AD9-97AFDE6CE49D}"
EndProject
Project("{FAE04EC0-301F-11D3-BF4B-00C04F79EFBC}") = "Unity.VSCode.Editor", "Unity.VSCode.Editor.csproj", "{BD232F85-99B8-88C4-F75B-F53F9FE2B7EE}"
EndProject
Project("{FAE04EC0-301F-11D3-BF4B-00C04F79EFBC}") = "Unity.2D.Sprite.Editor", "Unity.2D.Sprite.Editor.csproj", "{D242188A-123E-145B-1B4A-4FEB6628FB87}"
EndProject
Project("{FAE04EC0-301F-11D3-BF4B-00C04F79EFBC}") = "UnityEditor.UI", "UnityEditor.UI.csproj", "{2536CBBE-D3C9-8050-B096-CD0B2E51D445}"
EndProject
Project("{FAE04EC0-301F-11D3-BF4B-00C04F79EFBC}") = "Unity.2D.Common.Editor", "Unity.2D.Common.Editor.csproj", "{7903CF34-EB38-C9FB-96A0-AFFB38C418B6}"
EndProject
Project("{FAE04EC0-301F-11D3-BF4B-00C04F79EFBC}") = "Unity.Mathematics.Editor", "Unity.Mathematics.Editor.csproj", "{1DBCE59E-BDC7-61A5-FC5E-7364120DFB4F}"
EndProject
Project("{FAE04EC0-301F-11D3-BF4B-00C04F79EFBC}") = "Unity.Services.Core.Configuration.Editor", "Unity.Services.Core.Configuration.Editor.csproj", "{85DF9401-6AEA-C593-55C5-CCF7A7636441}"
EndProject
Project("{FAE04EC0-301F-11D3-BF4B-00C04F79EFBC}") = "Unity.2D.Tilemap.Extras.Editor", "Unity.2D.Tilemap.Extras.Editor.csproj", "{D697BB59-0367-9F9C-3D95-85FA03C2E4B4}"
EndProject
Project("{FAE04EC0-301F-11D3-BF4B-00C04F79EFBC}") = "Unity.Burst.Editor", "Unity.Burst.Editor.csproj", "{B29D2902-A950-706C-6219-28CCB4F827B8}"
EndProject
Project("{FAE04EC0-301F-11D3-BF4B-00C04F79EFBC}") = "Unity.InternalAPIEditorBridge.001", "Unity.InternalAPIEditorBridge.001.csproj", "{51FC629B-224D-0FC7-7CF2-C06FDDCFDB9B}"
EndProject
Project("{FAE04EC0-301F-11D3-BF4B-00C04F79EFBC}") = "Unity.VisualScripting.Shared.Editor", "Unity.VisualScripting.Shared.Editor.csproj", "{98E1EB97-62A3-A700-89D4-7A8766C96855}"
EndProject
Global
	GlobalSection(SolutionConfigurationPlatforms) = preSolution
		Debug|Any CPU = Debug|Any CPU
		Release|Any CPU = Release|Any CPU
	EndGlobalSection
	GlobalSection(ProjectConfigurationPlatforms) = postSolution
		{674EE9EC-3441-05D2-94EE-C46B2FAF648B}.Debug|Any CPU.ActiveCfg = Debug|Any CPU
		{674EE9EC-3441-05D2-94EE-C46B2FAF648B}.Debug|Any CPU.Build.0 = Debug|Any CPU
		{674EE9EC-3441-05D2-94EE-C46B2FAF648B}.Release|Any CPU.ActiveCfg = Release|Any CPU
		{674EE9EC-3441-05D2-94EE-C46B2FAF648B}.Release|Any CPU.Build.0 = Release|Any CPU
		{73774261-6443-6B4F-A517-DE75747D918D}.Debug|Any CPU.ActiveCfg = Debug|Any CPU
		{73774261-6443-6B4F-A517-DE75747D918D}.Debug|Any CPU.Build.0 = Debug|Any CPU
		{73774261-6443-6B4F-A517-DE75747D918D}.Release|Any CPU.ActiveCfg = Release|Any CPU
		{73774261-6443-6B4F-A517-DE75747D918D}.Release|Any CPU.Build.0 = Release|Any CPU
		{3CD7D0DF-CDA1-5B60-AAF1-F4D2C1D631FD}.Debug|Any CPU.ActiveCfg = Debug|Any CPU
		{3CD7D0DF-CDA1-5B60-AAF1-F4D2C1D631FD}.Debug|Any CPU.Build.0 = Debug|Any CPU
		{3CD7D0DF-CDA1-5B60-AAF1-F4D2C1D631FD}.Release|Any CPU.ActiveCfg = Release|Any CPU
		{3CD7D0DF-CDA1-5B60-AAF1-F4D2C1D631FD}.Release|Any CPU.Build.0 = Release|Any CPU
		{5ABA54E2-41B9-A0A5-6CC9-4351D2DF54DA}.Debug|Any CPU.ActiveCfg = Debug|Any CPU
		{5ABA54E2-41B9-A0A5-6CC9-4351D2DF54DA}.Debug|Any CPU.Build.0 = Debug|Any CPU
		{5ABA54E2-41B9-A0A5-6CC9-4351D2DF54DA}.Release|Any CPU.ActiveCfg = Release|Any CPU
		{5ABA54E2-41B9-A0A5-6CC9-4351D2DF54DA}.Release|Any CPU.Build.0 = Release|Any CPU
		{B91AD5EE-44AD-EE2D-4C8B-1ED369AC627D}.Debug|Any CPU.ActiveCfg = Debug|Any CPU
		{B91AD5EE-44AD-EE2D-4C8B-1ED369AC627D}.Debug|Any CPU.Build.0 = Debug|Any CPU
		{B91AD5EE-44AD-EE2D-4C8B-1ED369AC627D}.Release|Any CPU.ActiveCfg = Release|Any CPU
		{B91AD5EE-44AD-EE2D-4C8B-1ED369AC627D}.Release|Any CPU.Build.0 = Release|Any CPU
		{43C23543-9014-17D7-8356-470C528B8340}.Debug|Any CPU.ActiveCfg = Debug|Any CPU
		{43C23543-9014-17D7-8356-470C528B8340}.Debug|Any CPU.Build.0 = Debug|Any CPU
		{43C23543-9014-17D7-8356-470C528B8340}.Release|Any CPU.ActiveCfg = Release|Any CPU
		{43C23543-9014-17D7-8356-470C528B8340}.Release|Any CPU.Build.0 = Release|Any CPU
		{1791F901-25A3-40AC-87D2-4A239CBEEC1C}.Debug|Any CPU.ActiveCfg = Debug|Any CPU
		{1791F901-25A3-40AC-87D2-4A239CBEEC1C}.Debug|Any CPU.Build.0 = Debug|Any CPU
		{1791F901-25A3-40AC-87D2-4A239CBEEC1C}.Release|Any CPU.ActiveCfg = Release|Any CPU
		{1791F901-25A3-40AC-87D2-4A239CBEEC1C}.Release|Any CPU.Build.0 = Release|Any CPU
		{2A784304-3BD1-EF69-A2C9-68D31D842A72}.Debug|Any CPU.ActiveCfg = Debug|Any CPU
		{2A784304-3BD1-EF69-A2C9-68D31D842A72}.Debug|Any CPU.Build.0 = Debug|Any CPU
		{2A784304-3BD1-EF69-A2C9-68D31D842A72}.Release|Any CPU.ActiveCfg = Release|Any CPU
		{2A784304-3BD1-EF69-A2C9-68D31D842A72}.Release|Any CPU.Build.0 = Release|Any CPU
		{C37A9249-0339-2A90-49F3-3D964C2E4B68}.Debug|Any CPU.ActiveCfg = Debug|Any CPU
		{C37A9249-0339-2A90-49F3-3D964C2E4B68}.Debug|Any CPU.Build.0 = Debug|Any CPU
		{C37A9249-0339-2A90-49F3-3D964C2E4B68}.Release|Any CPU.ActiveCfg = Release|Any CPU
		{C37A9249-0339-2A90-49F3-3D964C2E4B68}.Release|Any CPU.Build.0 = Release|Any CPU
		{372FF1B7-4A0B-E783-3B25-1B615646D7E8}.Debug|Any CPU.ActiveCfg = Debug|Any CPU
		{372FF1B7-4A0B-E783-3B25-1B615646D7E8}.Debug|Any CPU.Build.0 = Debug|Any CPU
		{372FF1B7-4A0B-E783-3B25-1B615646D7E8}.Release|Any CPU.ActiveCfg = Release|Any CPU
		{372FF1B7-4A0B-E783-3B25-1B615646D7E8}.Release|Any CPU.Build.0 = Release|Any CPU
		{60AE7A0F-2246-5DE4-164B-2FAC404A02E0}.Debug|Any CPU.ActiveCfg = Debug|Any CPU
		{60AE7A0F-2246-5DE4-164B-2FAC404A02E0}.Debug|Any CPU.Build.0 = Debug|Any CPU
		{60AE7A0F-2246-5DE4-164B-2FAC404A02E0}.Release|Any CPU.ActiveCfg = Release|Any CPU
		{60AE7A0F-2246-5DE4-164B-2FAC404A02E0}.Release|Any CPU.Build.0 = Release|Any CPU
		{74AB0BBD-4696-2106-E351-84134BC339BF}.Debug|Any CPU.ActiveCfg = Debug|Any CPU
		{74AB0BBD-4696-2106-E351-84134BC339BF}.Debug|Any CPU.Build.0 = Debug|Any CPU
		{74AB0BBD-4696-2106-E351-84134BC339BF}.Release|Any CPU.ActiveCfg = Release|Any CPU
		{74AB0BBD-4696-2106-E351-84134BC339BF}.Release|Any CPU.Build.0 = Release|Any CPU
		{A9828913-D8EF-6326-C3D0-23C8306D0503}.Debug|Any CPU.ActiveCfg = Debug|Any CPU
		{A9828913-D8EF-6326-C3D0-23C8306D0503}.Debug|Any CPU.Build.0 = Debug|Any CPU
		{A9828913-D8EF-6326-C3D0-23C8306D0503}.Release|Any CPU.ActiveCfg = Release|Any CPU
		{A9828913-D8EF-6326-C3D0-23C8306D0503}.Release|Any CPU.Build.0 = Release|Any CPU
		{EA52DFBE-BFF0-639C-D75D-87D1CF5E42E5}.Debug|Any CPU.ActiveCfg = Debug|Any CPU
		{EA52DFBE-BFF0-639C-D75D-87D1CF5E42E5}.Debug|Any CPU.Build.0 = Debug|Any CPU
		{EA52DFBE-BFF0-639C-D75D-87D1CF5E42E5}.Release|Any CPU.ActiveCfg = Release|Any CPU
		{EA52DFBE-BFF0-639C-D75D-87D1CF5E42E5}.Release|Any CPU.Build.0 = Release|Any CPU
		{B7D9D7E4-3236-365F-4B72-BAE024F76FD7}.Debug|Any CPU.ActiveCfg = Debug|Any CPU
		{B7D9D7E4-3236-365F-4B72-BAE024F76FD7}.Debug|Any CPU.Build.0 = Debug|Any CPU
		{B7D9D7E4-3236-365F-4B72-BAE024F76FD7}.Release|Any CPU.ActiveCfg = Release|Any CPU
		{B7D9D7E4-3236-365F-4B72-BAE024F76FD7}.Release|Any CPU.Build.0 = Release|Any CPU
		{90F74A49-6F3B-D315-BDD0-90AE63CE1EE3}.Debug|Any CPU.ActiveCfg = Debug|Any CPU
		{90F74A49-6F3B-D315-BDD0-90AE63CE1EE3}.Debug|Any CPU.Build.0 = Debug|Any CPU
		{90F74A49-6F3B-D315-BDD0-90AE63CE1EE3}.Release|Any CPU.ActiveCfg = Release|Any CPU
		{90F74A49-6F3B-D315-BDD0-90AE63CE1EE3}.Release|Any CPU.Build.0 = Release|Any CPU
		{18E592D9-5750-77C6-D5F9-67E109E8D7A0}.Debug|Any CPU.ActiveCfg = Debug|Any CPU
		{18E592D9-5750-77C6-D5F9-67E109E8D7A0}.Debug|Any CPU.Build.0 = Debug|Any CPU
		{18E592D9-5750-77C6-D5F9-67E109E8D7A0}.Release|Any CPU.ActiveCfg = Release|Any CPU
		{18E592D9-5750-77C6-D5F9-67E109E8D7A0}.Release|Any CPU.Build.0 = Release|Any CPU
		{2B13A798-B1E9-5D6D-C89B-F2FEEFB28D5D}.Debug|Any CPU.ActiveCfg = Debug|Any CPU
		{2B13A798-B1E9-5D6D-C89B-F2FEEFB28D5D}.Debug|Any CPU.Build.0 = Debug|Any CPU
		{2B13A798-B1E9-5D6D-C89B-F2FEEFB28D5D}.Release|Any CPU.ActiveCfg = Release|Any CPU
		{2B13A798-B1E9-5D6D-C89B-F2FEEFB28D5D}.Release|Any CPU.Build.0 = Release|Any CPU
		{AB77E571-C2BE-2D40-D785-9E9CB4ED9399}.Debug|Any CPU.ActiveCfg = Debug|Any CPU
		{AB77E571-C2BE-2D40-D785-9E9CB4ED9399}.Debug|Any CPU.Build.0 = Debug|Any CPU
		{AB77E571-C2BE-2D40-D785-9E9CB4ED9399}.Release|Any CPU.ActiveCfg = Release|Any CPU
		{AB77E571-C2BE-2D40-D785-9E9CB4ED9399}.Release|Any CPU.Build.0 = Release|Any CPU
		{1B7240B5-8176-5344-72D0-B7D6A131F0FE}.Debug|Any CPU.ActiveCfg = Debug|Any CPU
		{1B7240B5-8176-5344-72D0-B7D6A131F0FE}.Debug|Any CPU.Build.0 = Debug|Any CPU
		{1B7240B5-8176-5344-72D0-B7D6A131F0FE}.Release|Any CPU.ActiveCfg = Release|Any CPU
		{1B7240B5-8176-5344-72D0-B7D6A131F0FE}.Release|Any CPU.Build.0 = Release|Any CPU
		{DF81BBCC-E290-7DC0-D827-E10C646548D2}.Debug|Any CPU.ActiveCfg = Debug|Any CPU
		{DF81BBCC-E290-7DC0-D827-E10C646548D2}.Debug|Any CPU.Build.0 = Debug|Any CPU
		{DF81BBCC-E290-7DC0-D827-E10C646548D2}.Release|Any CPU.ActiveCfg = Release|Any CPU
		{DF81BBCC-E290-7DC0-D827-E10C646548D2}.Release|Any CPU.Build.0 = Release|Any CPU
		{2F3A2D56-3226-5BCB-B323-07C86857964B}.Debug|Any CPU.ActiveCfg = Debug|Any CPU
		{2F3A2D56-3226-5BCB-B323-07C86857964B}.Debug|Any CPU.Build.0 = Debug|Any CPU
		{2F3A2D56-3226-5BCB-B323-07C86857964B}.Release|Any CPU.ActiveCfg = Release|Any CPU
		{2F3A2D56-3226-5BCB-B323-07C86857964B}.Release|Any CPU.Build.0 = Release|Any CPU
		{66DFC49B-692E-1F86-E5DD-725B653DE4AB}.Debug|Any CPU.ActiveCfg = Debug|Any CPU
		{66DFC49B-692E-1F86-E5DD-725B653DE4AB}.Debug|Any CPU.Build.0 = Debug|Any CPU
		{66DFC49B-692E-1F86-E5DD-725B653DE4AB}.Release|Any CPU.ActiveCfg = Release|Any CPU
		{66DFC49B-692E-1F86-E5DD-725B653DE4AB}.Release|Any CPU.Build.0 = Release|Any CPU
		{D2BC6C4B-5BD0-97C0-2188-4318C95BD5E9}.Debug|Any CPU.ActiveCfg = Debug|Any CPU
		{D2BC6C4B-5BD0-97C0-2188-4318C95BD5E9}.Debug|Any CPU.Build.0 = Debug|Any CPU
		{D2BC6C4B-5BD0-97C0-2188-4318C95BD5E9}.Release|Any CPU.ActiveCfg = Release|Any CPU
		{D2BC6C4B-5BD0-97C0-2188-4318C95BD5E9}.Release|Any CPU.Build.0 = Release|Any CPU
		{B1DD9003-5BB1-D5F2-D574-460408A61985}.Debug|Any CPU.ActiveCfg = Debug|Any CPU
		{B1DD9003-5BB1-D5F2-D574-460408A61985}.Debug|Any CPU.Build.0 = Debug|Any CPU
		{B1DD9003-5BB1-D5F2-D574-460408A61985}.Release|Any CPU.ActiveCfg = Release|Any CPU
		{B1DD9003-5BB1-D5F2-D574-460408A61985}.Release|Any CPU.Build.0 = Release|Any CPU
		{A5C7CFD7-B604-E204-4215-5FDD0D4B93D0}.Debug|Any CPU.ActiveCfg = Debug|Any CPU
		{A5C7CFD7-B604-E204-4215-5FDD0D4B93D0}.Debug|Any CPU.Build.0 = Debug|Any CPU
		{A5C7CFD7-B604-E204-4215-5FDD0D4B93D0}.Release|Any CPU.ActiveCfg = Release|Any CPU
		{A5C7CFD7-B604-E204-4215-5FDD0D4B93D0}.Release|Any CPU.Build.0 = Release|Any CPU
		{8EAD1A38-D3C5-AFFB-4B0C-0B79AB9E393D}.Debug|Any CPU.ActiveCfg = Debug|Any CPU
		{8EAD1A38-D3C5-AFFB-4B0C-0B79AB9E393D}.Debug|Any CPU.Build.0 = Debug|Any CPU
		{8EAD1A38-D3C5-AFFB-4B0C-0B79AB9E393D}.Release|Any CPU.ActiveCfg = Release|Any CPU
		{8EAD1A38-D3C5-AFFB-4B0C-0B79AB9E393D}.Release|Any CPU.Build.0 = Release|Any CPU
		{DD4EB479-C785-BF72-40A9-7031860EBBCE}.Debug|Any CPU.ActiveCfg = Debug|Any CPU
		{DD4EB479-C785-BF72-40A9-7031860EBBCE}.Debug|Any CPU.Build.0 = Debug|Any CPU
		{DD4EB479-C785-BF72-40A9-7031860EBBCE}.Release|Any CPU.ActiveCfg = Release|Any CPU
		{DD4EB479-C785-BF72-40A9-7031860EBBCE}.Release|Any CPU.Build.0 = Release|Any CPU
		{ECEC9A36-5667-E743-715B-14539B1E2744}.Debug|Any CPU.ActiveCfg = Debug|Any CPU
		{ECEC9A36-5667-E743-715B-14539B1E2744}.Debug|Any CPU.Build.0 = Debug|Any CPU
		{ECEC9A36-5667-E743-715B-14539B1E2744}.Release|Any CPU.ActiveCfg = Release|Any CPU
		{ECEC9A36-5667-E743-715B-14539B1E2744}.Release|Any CPU.Build.0 = Release|Any CPU
		{EC2E616B-A95E-0BF3-5815-4CF1984B1E51}.Debug|Any CPU.ActiveCfg = Debug|Any CPU
		{EC2E616B-A95E-0BF3-5815-4CF1984B1E51}.Debug|Any CPU.Build.0 = Debug|Any CPU
		{EC2E616B-A95E-0BF3-5815-4CF1984B1E51}.Release|Any CPU.ActiveCfg = Release|Any CPU
		{EC2E616B-A95E-0BF3-5815-4CF1984B1E51}.Release|Any CPU.Build.0 = Release|Any CPU
		{D8800B64-8087-1C0A-D707-B8A55ACDEA88}.Debug|Any CPU.ActiveCfg = Debug|Any CPU
		{D8800B64-8087-1C0A-D707-B8A55ACDEA88}.Debug|Any CPU.Build.0 = Debug|Any CPU
		{D8800B64-8087-1C0A-D707-B8A55ACDEA88}.Release|Any CPU.ActiveCfg = Release|Any CPU
		{D8800B64-8087-1C0A-D707-B8A55ACDEA88}.Release|Any CPU.Build.0 = Release|Any CPU
		{7F79A7AF-1712-E662-4C6A-E36DC6ED6EE4}.Debug|Any CPU.ActiveCfg = Debug|Any CPU
		{7F79A7AF-1712-E662-4C6A-E36DC6ED6EE4}.Debug|Any CPU.Build.0 = Debug|Any CPU
		{7F79A7AF-1712-E662-4C6A-E36DC6ED6EE4}.Release|Any CPU.ActiveCfg = Release|Any CPU
		{7F79A7AF-1712-E662-4C6A-E36DC6ED6EE4}.Release|Any CPU.Build.0 = Release|Any CPU
		{7D8F2BF4-4AC5-7407-6BF7-6575DF88881C}.Debug|Any CPU.ActiveCfg = Debug|Any CPU
		{7D8F2BF4-4AC5-7407-6BF7-6575DF88881C}.Debug|Any CPU.Build.0 = Debug|Any CPU
		{7D8F2BF4-4AC5-7407-6BF7-6575DF88881C}.Release|Any CPU.ActiveCfg = Release|Any CPU
		{7D8F2BF4-4AC5-7407-6BF7-6575DF88881C}.Release|Any CPU.Build.0 = Release|Any CPU
		{9AE954ED-BBB6-D9EA-F96F-F502E706347E}.Debug|Any CPU.ActiveCfg = Debug|Any CPU
		{9AE954ED-BBB6-D9EA-F96F-F502E706347E}.Debug|Any CPU.Build.0 = Debug|Any CPU
		{9AE954ED-BBB6-D9EA-F96F-F502E706347E}.Release|Any CPU.ActiveCfg = Release|Any CPU
		{9AE954ED-BBB6-D9EA-F96F-F502E706347E}.Release|Any CPU.Build.0 = Release|Any CPU
		{B52B735C-08B4-5A0A-8936-2FE1022A144C}.Debug|Any CPU.ActiveCfg = Debug|Any CPU
		{B52B735C-08B4-5A0A-8936-2FE1022A144C}.Debug|Any CPU.Build.0 = Debug|Any CPU
		{B52B735C-08B4-5A0A-8936-2FE1022A144C}.Release|Any CPU.ActiveCfg = Release|Any CPU
		{B52B735C-08B4-5A0A-8936-2FE1022A144C}.Release|Any CPU.Build.0 = Release|Any CPU
		{8195782C-C8EF-E9A5-250C-85B2C3501275}.Debug|Any CPU.ActiveCfg = Debug|Any CPU
		{8195782C-C8EF-E9A5-250C-85B2C3501275}.Debug|Any CPU.Build.0 = Debug|Any CPU
		{8195782C-C8EF-E9A5-250C-85B2C3501275}.Release|Any CPU.ActiveCfg = Release|Any CPU
		{8195782C-C8EF-E9A5-250C-85B2C3501275}.Release|Any CPU.Build.0 = Release|Any CPU
		{EFED4DD0-7F3B-3053-0EA7-B7FAA6046475}.Debug|Any CPU.ActiveCfg = Debug|Any CPU
		{EFED4DD0-7F3B-3053-0EA7-B7FAA6046475}.Debug|Any CPU.Build.0 = Debug|Any CPU
		{EFED4DD0-7F3B-3053-0EA7-B7FAA6046475}.Release|Any CPU.ActiveCfg = Release|Any CPU
		{EFED4DD0-7F3B-3053-0EA7-B7FAA6046475}.Release|Any CPU.Build.0 = Release|Any CPU
		{10BBDCEB-B636-11BE-233A-E2952B54B521}.Debug|Any CPU.ActiveCfg = Debug|Any CPU
		{10BBDCEB-B636-11BE-233A-E2952B54B521}.Debug|Any CPU.Build.0 = Debug|Any CPU
		{10BBDCEB-B636-11BE-233A-E2952B54B521}.Release|Any CPU.ActiveCfg = Release|Any CPU
		{10BBDCEB-B636-11BE-233A-E2952B54B521}.Release|Any CPU.Build.0 = Release|Any CPU
		{0FF73479-10F5-1C3F-016A-B4DC7B648D35}.Debug|Any CPU.ActiveCfg = Debug|Any CPU
		{0FF73479-10F5-1C3F-016A-B4DC7B648D35}.Debug|Any CPU.Build.0 = Debug|Any CPU
		{0FF73479-10F5-1C3F-016A-B4DC7B648D35}.Release|Any CPU.ActiveCfg = Release|Any CPU
		{0FF73479-10F5-1C3F-016A-B4DC7B648D35}.Release|Any CPU.Build.0 = Release|Any CPU
		{437C903C-830F-D80B-BAA6-D7781F7B8723}.Debug|Any CPU.ActiveCfg = Debug|Any CPU
		{437C903C-830F-D80B-BAA6-D7781F7B8723}.Debug|Any CPU.Build.0 = Debug|Any CPU
		{437C903C-830F-D80B-BAA6-D7781F7B8723}.Release|Any CPU.ActiveCfg = Release|Any CPU
		{437C903C-830F-D80B-BAA6-D7781F7B8723}.Release|Any CPU.Build.0 = Release|Any CPU
		{362B6AA2-6001-CF72-8EC1-55FB70C93071}.Debug|Any CPU.ActiveCfg = Debug|Any CPU
		{362B6AA2-6001-CF72-8EC1-55FB70C93071}.Debug|Any CPU.Build.0 = Debug|Any CPU
		{362B6AA2-6001-CF72-8EC1-55FB70C93071}.Release|Any CPU.ActiveCfg = Release|Any CPU
		{362B6AA2-6001-CF72-8EC1-55FB70C93071}.Release|Any CPU.Build.0 = Release|Any CPU
		{83D22EBF-07C3-A103-8A7C-C41389FD9877}.Debug|Any CPU.ActiveCfg = Debug|Any CPU
		{83D22EBF-07C3-A103-8A7C-C41389FD9877}.Debug|Any CPU.Build.0 = Debug|Any CPU
		{83D22EBF-07C3-A103-8A7C-C41389FD9877}.Release|Any CPU.ActiveCfg = Release|Any CPU
		{83D22EBF-07C3-A103-8A7C-C41389FD9877}.Release|Any CPU.Build.0 = Release|Any CPU
		{15054527-2909-3AC6-ADCE-3036839DA4B3}.Debug|Any CPU.ActiveCfg = Debug|Any CPU
		{15054527-2909-3AC6-ADCE-3036839DA4B3}.Debug|Any CPU.Build.0 = Debug|Any CPU
		{15054527-2909-3AC6-ADCE-3036839DA4B3}.Release|Any CPU.ActiveCfg = Release|Any CPU
		{15054527-2909-3AC6-ADCE-3036839DA4B3}.Release|Any CPU.Build.0 = Release|Any CPU
		{9E2D345D-1177-3367-3C92-192230D73B49}.Debug|Any CPU.ActiveCfg = Debug|Any CPU
		{9E2D345D-1177-3367-3C92-192230D73B49}.Debug|Any CPU.Build.0 = Debug|Any CPU
		{9E2D345D-1177-3367-3C92-192230D73B49}.Release|Any CPU.ActiveCfg = Release|Any CPU
		{9E2D345D-1177-3367-3C92-192230D73B49}.Release|Any CPU.Build.0 = Release|Any CPU
		{8BEB527B-2F8B-5DEC-E27D-57A2BA4AFC83}.Debug|Any CPU.ActiveCfg = Debug|Any CPU
		{8BEB527B-2F8B-5DEC-E27D-57A2BA4AFC83}.Debug|Any CPU.Build.0 = Debug|Any CPU
		{8BEB527B-2F8B-5DEC-E27D-57A2BA4AFC83}.Release|Any CPU.ActiveCfg = Release|Any CPU
		{8BEB527B-2F8B-5DEC-E27D-57A2BA4AFC83}.Release|Any CPU.Build.0 = Release|Any CPU
		{90FF0D33-F590-CE21-32D7-9C22DE344736}.Debug|Any CPU.ActiveCfg = Debug|Any CPU
		{90FF0D33-F590-CE21-32D7-9C22DE344736}.Debug|Any CPU.Build.0 = Debug|Any CPU
		{90FF0D33-F590-CE21-32D7-9C22DE344736}.Release|Any CPU.ActiveCfg = Release|Any CPU
		{90FF0D33-F590-CE21-32D7-9C22DE344736}.Release|Any CPU.Build.0 = Release|Any CPU
		{14F4501E-D7EC-8714-BD5B-203289CAE694}.Debug|Any CPU.ActiveCfg = Debug|Any CPU
		{14F4501E-D7EC-8714-BD5B-203289CAE694}.Debug|Any CPU.Build.0 = Debug|Any CPU
		{14F4501E-D7EC-8714-BD5B-203289CAE694}.Release|Any CPU.ActiveCfg = Release|Any CPU
		{14F4501E-D7EC-8714-BD5B-203289CAE694}.Release|Any CPU.Build.0 = Release|Any CPU
		{732439E6-B285-1B5C-7CC1-1BFF7176EEBB}.Debug|Any CPU.ActiveCfg = Debug|Any CPU
		{732439E6-B285-1B5C-7CC1-1BFF7176EEBB}.Debug|Any CPU.Build.0 = Debug|Any CPU
		{732439E6-B285-1B5C-7CC1-1BFF7176EEBB}.Release|Any CPU.ActiveCfg = Release|Any CPU
		{732439E6-B285-1B5C-7CC1-1BFF7176EEBB}.Release|Any CPU.Build.0 = Release|Any CPU
		{FA3FAE4F-C75E-EA49-32FF-D5DAB328B100}.Debug|Any CPU.ActiveCfg = Debug|Any CPU
		{FA3FAE4F-C75E-EA49-32FF-D5DAB328B100}.Debug|Any CPU.Build.0 = Debug|Any CPU
		{FA3FAE4F-C75E-EA49-32FF-D5DAB328B100}.Release|Any CPU.ActiveCfg = Release|Any CPU
		{FA3FAE4F-C75E-EA49-32FF-D5DAB328B100}.Release|Any CPU.Build.0 = Release|Any CPU
		{5472CE88-4FC0-6B92-4AD9-97AFDE6CE49D}.Debug|Any CPU.ActiveCfg = Debug|Any CPU
		{5472CE88-4FC0-6B92-4AD9-97AFDE6CE49D}.Debug|Any CPU.Build.0 = Debug|Any CPU
		{5472CE88-4FC0-6B92-4AD9-97AFDE6CE49D}.Release|Any CPU.ActiveCfg = Release|Any CPU
		{5472CE88-4FC0-6B92-4AD9-97AFDE6CE49D}.Release|Any CPU.Build.0 = Release|Any CPU
		{BD232F85-99B8-88C4-F75B-F53F9FE2B7EE}.Debug|Any CPU.ActiveCfg = Debug|Any CPU
		{BD232F85-99B8-88C4-F75B-F53F9FE2B7EE}.Debug|Any CPU.Build.0 = Debug|Any CPU
		{BD232F85-99B8-88C4-F75B-F53F9FE2B7EE}.Release|Any CPU.ActiveCfg = Release|Any CPU
		{BD232F85-99B8-88C4-F75B-F53F9FE2B7EE}.Release|Any CPU.Build.0 = Release|Any CPU
		{D242188A-123E-145B-1B4A-4FEB6628FB87}.Debug|Any CPU.ActiveCfg = Debug|Any CPU
		{D242188A-123E-145B-1B4A-4FEB6628FB87}.Debug|Any CPU.Build.0 = Debug|Any CPU
		{D242188A-123E-145B-1B4A-4FEB6628FB87}.Release|Any CPU.ActiveCfg = Release|Any CPU
		{D242188A-123E-145B-1B4A-4FEB6628FB87}.Release|Any CPU.Build.0 = Release|Any CPU
		{2536CBBE-D3C9-8050-B096-CD0B2E51D445}.Debug|Any CPU.ActiveCfg = Debug|Any CPU
		{2536CBBE-D3C9-8050-B096-CD0B2E51D445}.Debug|Any CPU.Build.0 = Debug|Any CPU
		{2536CBBE-D3C9-8050-B096-CD0B2E51D445}.Release|Any CPU.ActiveCfg = Release|Any CPU
		{2536CBBE-D3C9-8050-B096-CD0B2E51D445}.Release|Any CPU.Build.0 = Release|Any CPU
		{7903CF34-EB38-C9FB-96A0-AFFB38C418B6}.Debug|Any CPU.ActiveCfg = Debug|Any CPU
		{7903CF34-EB38-C9FB-96A0-AFFB38C418B6}.Debug|Any CPU.Build.0 = Debug|Any CPU
		{7903CF34-EB38-C9FB-96A0-AFFB38C418B6}.Release|Any CPU.ActiveCfg = Release|Any CPU
		{7903CF34-EB38-C9FB-96A0-AFFB38C418B6}.Release|Any CPU.Build.0 = Release|Any CPU
		{1DBCE59E-BDC7-61A5-FC5E-7364120DFB4F}.Debug|Any CPU.ActiveCfg = Debug|Any CPU
		{1DBCE59E-BDC7-61A5-FC5E-7364120DFB4F}.Debug|Any CPU.Build.0 = Debug|Any CPU
		{1DBCE59E-BDC7-61A5-FC5E-7364120DFB4F}.Release|Any CPU.ActiveCfg = Release|Any CPU
		{1DBCE59E-BDC7-61A5-FC5E-7364120DFB4F}.Release|Any CPU.Build.0 = Release|Any CPU
		{85DF9401-6AEA-C593-55C5-CCF7A7636441}.Debug|Any CPU.ActiveCfg = Debug|Any CPU
		{85DF9401-6AEA-C593-55C5-CCF7A7636441}.Debug|Any CPU.Build.0 = Debug|Any CPU
		{85DF9401-6AEA-C593-55C5-CCF7A7636441}.Release|Any CPU.ActiveCfg = Release|Any CPU
		{85DF9401-6AEA-C593-55C5-CCF7A7636441}.Release|Any CPU.Build.0 = Release|Any CPU
		{D697BB59-0367-9F9C-3D95-85FA03C2E4B4}.Debug|Any CPU.ActiveCfg = Debug|Any CPU
		{D697BB59-0367-9F9C-3D95-85FA03C2E4B4}.Debug|Any CPU.Build.0 = Debug|Any CPU
		{D697BB59-0367-9F9C-3D95-85FA03C2E4B4}.Release|Any CPU.ActiveCfg = Release|Any CPU
		{D697BB59-0367-9F9C-3D95-85FA03C2E4B4}.Release|Any CPU.Build.0 = Release|Any CPU
		{B29D2902-A950-706C-6219-28CCB4F827B8}.Debug|Any CPU.ActiveCfg = Debug|Any CPU
		{B29D2902-A950-706C-6219-28CCB4F827B8}.Debug|Any CPU.Build.0 = Debug|Any CPU
		{B29D2902-A950-706C-6219-28CCB4F827B8}.Release|Any CPU.ActiveCfg = Release|Any CPU
		{B29D2902-A950-706C-6219-28CCB4F827B8}.Release|Any CPU.Build.0 = Release|Any CPU
		{51FC629B-224D-0FC7-7CF2-C06FDDCFDB9B}.Debug|Any CPU.ActiveCfg = Debug|Any CPU
		{51FC629B-224D-0FC7-7CF2-C06FDDCFDB9B}.Debug|Any CPU.Build.0 = Debug|Any CPU
		{51FC629B-224D-0FC7-7CF2-C06FDDCFDB9B}.Release|Any CPU.ActiveCfg = Release|Any CPU
		{51FC629B-224D-0FC7-7CF2-C06FDDCFDB9B}.Release|Any CPU.Build.0 = Release|Any CPU
		{98E1EB97-62A3-A700-89D4-7A8766C96855}.Debug|Any CPU.ActiveCfg = Debug|Any CPU
		{98E1EB97-62A3-A700-89D4-7A8766C96855}.Debug|Any CPU.Build.0 = Debug|Any CPU
		{98E1EB97-62A3-A700-89D4-7A8766C96855}.Release|Any CPU.ActiveCfg = Release|Any CPU
		{98E1EB97-62A3-A700-89D4-7A8766C96855}.Release|Any CPU.Build.0 = Release|Any CPU
	EndGlobalSection
	GlobalSection(SolutionProperties) = preSolution
		HideSolutionNode = FALSE
	EndGlobalSection
EndGlobal
